
Microsoft Visual Studio Solution File, Format Version 12.00
# Visual Studio 15
VisualStudioVersion = 15.0.26730.12
MinimumVisualStudioVersion = 10.0.40219.1
Project("{9A19103F-16F7-4668-BE54-9A1E7A4F7556}") = "SharpGame.Engine", "Engine\SharpGame.Engine.csproj", "{C3223090-9891-4A35-BEC9-F382C04774DB}"
EndProject
Project("{2150E333-8FDC-42A3-9474-1A3956D46DE8}") = "Engine", "Engine", "{7F045293-ECC0-48C6-8A8D-8CA351236ACB}"
EndProject
Project("{2150E333-8FDC-42A3-9474-1A3956D46DE8}") = "Samples", "Samples", "{10BBB27C-8871-46F3-A1E1-B5246BB0315C}"
EndProject
Project("{FAE04EC0-301F-11D3-BF4B-00C04F79EFBC}") = "Content", "..\Content\Content.csproj", "{ACE7D562-BE82-40ED-B124-1970FD135E5E}"
EndProject
Project("{9A19103F-16F7-4668-BE54-9A1E7A4F7556}") = "SharpGame.Sdl2", "Sdl2\SharpGame.Sdl2.csproj", "{CA83F98F-9D79-4617-9BF5-6524E49539B5}"
EndProject
Project("{2150E333-8FDC-42A3-9474-1A3956D46DE8}") = "Editor", "Editor", "{24698283-C0E2-4104-9B72-3E8CE247CA61}"
EndProject
Project("{9A19103F-16F7-4668-BE54-9A1E7A4F7556}") = "SharpGame.Editor", "Editor\SharpGame.Editor.csproj", "{BABA6C0F-E988-42F1-B214-B2CABFE4011E}"
EndProject
Project("{9A19103F-16F7-4668-BE54-9A1E7A4F7556}") = "Samples", "Samples\Samples.csproj", "{07A569EA-AA7E-4B5B-9F7D-26D0CC16965F}"
EndProject
Global
	GlobalSection(SolutionConfigurationPlatforms) = preSolution
		Debug|Any CPU = Debug|Any CPU
		Release|Any CPU = Release|Any CPU
	EndGlobalSection
	GlobalSection(ProjectConfigurationPlatforms) = postSolution
		{C3223090-9891-4A35-BEC9-F382C04774DB}.Debug|Any CPU.ActiveCfg = Debug|Any CPU
		{C3223090-9891-4A35-BEC9-F382C04774DB}.Debug|Any CPU.Build.0 = Debug|Any CPU
		{C3223090-9891-4A35-BEC9-F382C04774DB}.Release|Any CPU.ActiveCfg = Release|Any CPU
		{C3223090-9891-4A35-BEC9-F382C04774DB}.Release|Any CPU.Build.0 = Release|Any CPU
		{ACE7D562-BE82-40ED-B124-1970FD135E5E}.Debug|Any CPU.ActiveCfg = Debug|Any CPU
		{ACE7D562-BE82-40ED-B124-1970FD135E5E}.Debug|Any CPU.Build.0 = Debug|Any CPU
		{ACE7D562-BE82-40ED-B124-1970FD135E5E}.Release|Any CPU.ActiveCfg = Release|Any CPU
		{ACE7D562-BE82-40ED-B124-1970FD135E5E}.Release|Any CPU.Build.0 = Release|Any CPU
		{CA83F98F-9D79-4617-9BF5-6524E49539B5}.Debug|Any CPU.ActiveCfg = Debug|Any CPU
		{CA83F98F-9D79-4617-9BF5-6524E49539B5}.Debug|Any CPU.Build.0 = Debug|Any CPU
		{CA83F98F-9D79-4617-9BF5-6524E49539B5}.Release|Any CPU.ActiveCfg = Release|Any CPU
		{CA83F98F-9D79-4617-9BF5-6524E49539B5}.Release|Any CPU.Build.0 = Release|Any CPU
		{BABA6C0F-E988-42F1-B214-B2CABFE4011E}.Debug|Any CPU.ActiveCfg = Debug|Any CPU
		{BABA6C0F-E988-42F1-B214-B2CABFE4011E}.Debug|Any CPU.Build.0 = Debug|Any CPU
		{BABA6C0F-E988-42F1-B214-B2CABFE4011E}.Release|Any CPU.ActiveCfg = Release|Any CPU
		{BABA6C0F-E988-42F1-B214-B2CABFE4011E}.Release|Any CPU.Build.0 = Release|Any CPU
		{07A569EA-AA7E-4B5B-9F7D-26D0CC16965F}.Debug|Any CPU.ActiveCfg = Debug|Any CPU
		{07A569EA-AA7E-4B5B-9F7D-26D0CC16965F}.Debug|Any CPU.Build.0 = Debug|Any CPU
		{07A569EA-AA7E-4B5B-9F7D-26D0CC16965F}.Release|Any CPU.ActiveCfg = Release|Any CPU
		{07A569EA-AA7E-4B5B-9F7D-26D0CC16965F}.Release|Any CPU.Build.0 = Release|Any CPU
	EndGlobalSection
	GlobalSection(SolutionProperties) = preSolution
		HideSolutionNode = FALSE
	EndGlobalSection
	GlobalSection(NestedProjects) = preSolution
		{C3223090-9891-4A35-BEC9-F382C04774DB} = {7F045293-ECC0-48C6-8A8D-8CA351236ACB}
		{ACE7D562-BE82-40ED-B124-1970FD135E5E} = {7F045293-ECC0-48C6-8A8D-8CA351236ACB}
		{CA83F98F-9D79-4617-9BF5-6524E49539B5} = {7F045293-ECC0-48C6-8A8D-8CA351236ACB}
		{BABA6C0F-E988-42F1-B214-B2CABFE4011E} = {24698283-C0E2-4104-9B72-3E8CE247CA61}
		{07A569EA-AA7E-4B5B-9F7D-26D0CC16965F} = {10BBB27C-8871-46F3-A1E1-B5246BB0315C}
	EndGlobalSection
	GlobalSection(ExtensibilityGlobals) = postSolution
		SolutionGuid = {FC0780F6-BD76-45F9-80BA-1CC438DBDDE7}
	EndGlobalSection
EndGlobal
