
Microsoft Visual Studio Solution File, Format Version 12.00
# Visual Studio 15
VisualStudioVersion = 15.0.26730.12
MinimumVisualStudioVersion = 10.0.40219.1
Project("{FAE04EC0-301F-11D3-BF4B-00C04F79EFBC}") = "03-TexturedCube", "Samples\Win32\03-TexturedCube\03-TexturedCube.csproj", "{3FC89C99-98A7-4275-BC4E-43335EE47C93}"
EndProject
Project("{FAE04EC0-301F-11D3-BF4B-00C04F79EFBC}") = "04-ComputeParticles", "Samples\Win32\04-ComputeParticles\04-ComputeParticles.csproj", "{F0062F92-0F14-4A31-9E93-8E2EA099525D}"
EndProject
Project("{9A19103F-16F7-4668-BE54-9A1E7A4F7556}") = "SharpGame.Engine", "Engine\SharpGame.Engine.csproj", "{C3223090-9891-4A35-BEC9-F382C04774DB}"
EndProject
Project("{FAE04EC0-301F-11D3-BF4B-00C04F79EFBC}") = "01-ClearScreen", "Samples\Win32\01-ClearScreen\01-ClearScreen.csproj", "{48EBB243-DCD5-4D2C-B19E-1C4574A78DCE}"
EndProject
Project("{FAE04EC0-301F-11D3-BF4B-00C04F79EFBC}") = "02-ColoredTriangle", "Samples\Win32\02-ColoredTriangle\02-ColoredTriangle.csproj", "{7519173C-D98E-4DDB-9F8A-D1051616C61E}"
EndProject
Project("{D954291E-2A0B-460D-934E-DC6B0785DB48}") = "Samples.Shared", "Samples\Shared\Samples.Shared.shproj", "{D9A8DB97-79F9-4ED0-9601-3D107873FC67}"
EndProject
Project("{2150E333-8FDC-42A3-9474-1A3956D46DE8}") = "Windows", "Windows", "{5E027892-E59A-485E-9F5F-DF0B24BFFC3E}"
EndProject
Global
	GlobalSection(SharedMSBuildProjectFiles) = preSolution
		Samples\Shared\Shared.projitems*{3fc89c99-98a7-4275-bc4e-43335ee47c93}*SharedItemsImports = 4
		Samples\Shared\Shared.projitems*{48ebb243-dcd5-4d2c-b19e-1c4574a78dce}*SharedItemsImports = 4
		Samples\Shared\Shared.projitems*{7519173c-d98e-4ddb-9f8a-d1051616c61e}*SharedItemsImports = 4
		Samples\Shared\Shared.projitems*{d9a8db97-79f9-4ed0-9601-3d107873fc67}*SharedItemsImports = 13
		Samples\Shared\Shared.projitems*{f0062f92-0f14-4a31-9e93-8e2ea099525d}*SharedItemsImports = 4
	EndGlobalSection
	GlobalSection(SolutionConfigurationPlatforms) = preSolution
		Debug|Any CPU = Debug|Any CPU
		Release|Any CPU = Release|Any CPU
	EndGlobalSection
	GlobalSection(ProjectConfigurationPlatforms) = postSolution
		{3FC89C99-98A7-4275-BC4E-43335EE47C93}.Debug|Any CPU.ActiveCfg = Debug|Any CPU
		{3FC89C99-98A7-4275-BC4E-43335EE47C93}.Debug|Any CPU.Build.0 = Debug|Any CPU
		{3FC89C99-98A7-4275-BC4E-43335EE47C93}.Release|Any CPU.ActiveCfg = Release|Any CPU
		{3FC89C99-98A7-4275-BC4E-43335EE47C93}.Release|Any CPU.Build.0 = Release|Any CPU
		{F0062F92-0F14-4A31-9E93-8E2EA099525D}.Debug|Any CPU.ActiveCfg = Debug|Any CPU
		{F0062F92-0F14-4A31-9E93-8E2EA099525D}.Debug|Any CPU.Build.0 = Debug|Any CPU
		{F0062F92-0F14-4A31-9E93-8E2EA099525D}.Release|Any CPU.ActiveCfg = Release|Any CPU
		{F0062F92-0F14-4A31-9E93-8E2EA099525D}.Release|Any CPU.Build.0 = Release|Any CPU
		{C3223090-9891-4A35-BEC9-F382C04774DB}.Debug|Any CPU.ActiveCfg = Debug|Any CPU
		{C3223090-9891-4A35-BEC9-F382C04774DB}.Debug|Any CPU.Build.0 = Debug|Any CPU
		{C3223090-9891-4A35-BEC9-F382C04774DB}.Release|Any CPU.ActiveCfg = Release|Any CPU
		{C3223090-9891-4A35-BEC9-F382C04774DB}.Release|Any CPU.Build.0 = Release|Any CPU
		{48EBB243-DCD5-4D2C-B19E-1C4574A78DCE}.Debug|Any CPU.ActiveCfg = Debug|Any CPU
		{48EBB243-DCD5-4D2C-B19E-1C4574A78DCE}.Debug|Any CPU.Build.0 = Debug|Any CPU
		{48EBB243-DCD5-4D2C-B19E-1C4574A78DCE}.Release|Any CPU.ActiveCfg = Release|Any CPU
		{48EBB243-DCD5-4D2C-B19E-1C4574A78DCE}.Release|Any CPU.Build.0 = Release|Any CPU
		{7519173C-D98E-4DDB-9F8A-D1051616C61E}.Debug|Any CPU.ActiveCfg = Debug|Any CPU
		{7519173C-D98E-4DDB-9F8A-D1051616C61E}.Debug|Any CPU.Build.0 = Debug|Any CPU
		{7519173C-D98E-4DDB-9F8A-D1051616C61E}.Release|Any CPU.ActiveCfg = Release|Any CPU
		{7519173C-D98E-4DDB-9F8A-D1051616C61E}.Release|Any CPU.Build.0 = Release|Any CPU
	EndGlobalSection
	GlobalSection(SolutionProperties) = preSolution
		HideSolutionNode = FALSE
	EndGlobalSection
	GlobalSection(NestedProjects) = preSolution
		{3FC89C99-98A7-4275-BC4E-43335EE47C93} = {5E027892-E59A-485E-9F5F-DF0B24BFFC3E}
		{F0062F92-0F14-4A31-9E93-8E2EA099525D} = {5E027892-E59A-485E-9F5F-DF0B24BFFC3E}
		{48EBB243-DCD5-4D2C-B19E-1C4574A78DCE} = {5E027892-E59A-485E-9F5F-DF0B24BFFC3E}
		{7519173C-D98E-4DDB-9F8A-D1051616C61E} = {5E027892-E59A-485E-9F5F-DF0B24BFFC3E}
	EndGlobalSection
	GlobalSection(ExtensibilityGlobals) = postSolution
		SolutionGuid = {FC0780F6-BD76-45F9-80BA-1CC438DBDDE7}
	EndGlobalSection
EndGlobal
